<?xml version="1.0" encoding="utf-8"?>
<Project ToolsVersion="4.0" xmlns="http://schemas.microsoft.com/developer/msbuild/2003">
  <ItemGroup>
    <Filter Include="Precompile header">
      <UniqueIdentifier>{67DA6AB6-F800-4c08-8B7A-83BB121AAD01}</UniqueIdentifier>
      <Extensions>rc;ico;cur;bmp;dlg;rc2;rct;bin;rgs;gif;jpg;jpeg;jpe;resx;tiff;tif;png;wav</Extensions>
    </Filter>
    <Filter Include="Resource">
      <UniqueIdentifier>{a0b4236f-b1b5-4bf0-8558-d05357c86801}</UniqueIdentifier>
    </Filter>
    <Filter Include="Source">
      <UniqueIdentifier>{0b908ebe-4e15-40f2-8801-b5c04531c36b}</UniqueIdentifier>
    </Filter>
  </ItemGroup>
  <ItemGroup>
    <ClCompile Include="stdafx.cpp">
      <Filter>Precompile header</Filter>
    </ClCompile>
    <ClCompile Include="CJIRegistryEditor.cpp">
      <Filter>Source</Filter>
    </ClCompile>
    <ClCompile Include="CJIRegistryEditorDlg.cpp">
      <Filter>Source</Filter>
    </ClCompile>
    <ClCompile Include="DirDialog.cpp">
      <Filter>Source</Filter>
    </ClCompile>
  </ItemGroup>
  <ItemGroup>
    <ClInclude Include="stdafx.h">
      <Filter>Precompile header</Filter>
    </ClInclude>
    <ClInclude Include="Resource.h">
      <Filter>Resource</Filter>
    </ClInclude>
    <ClInclude Include="CJIRegistryEditor.h">
      <Filter>Source</Filter>
    </ClInclude>
    <ClInclude Include="CJIRegistryEditorDlg.h">
      <Filter>Source</Filter>
    </ClInclude>
    <ClInclude Include="DirDialog.h">
      <Filter>Source</Filter>
    </ClInclude>
  </ItemGroup>
  <ItemGroup>
    <None Include="res\CJIRegistryEditor.ico">
      <Filter>Resource</Filter>
    </None>
    <None Include="res\CJIRegistryEditor.rc2">
      <Filter>Resource</Filter>
    </None>
  </ItemGroup>
  <ItemGroup>
    <ResourceCompile Include="CJIRegistryEditor.rc">
      <Filter>Resource</Filter>
    </ResourceCompile>
  </ItemGroup>
</Project>